
Microsoft Visual Studio Solution File, Format Version 12.00
# Visual Studio Version 16
VisualStudioVersion = 16.0.29728.190
MinimumVisualStudioVersion = 10.0.40219.1
Project("{FAE04EC0-301F-11D3-BF4B-00C04F79EFBC}") = "WSR4", "WSR4\WSR4.csproj", "{62FEFF41-23BF-4232-97B9-772EEA8CDF29}"
EndProject
Project("{FAE04EC0-301F-11D3-BF4B-00C04F79EFBC}") = "Tests", "Tests\Tests.csproj", "{88BD14B8-ED55-42A4-B896-E5B0272C5A90}"
EndProject
Global
	GlobalSection(SolutionConfigurationPlatforms) = preSolution
		Debug|Any CPU = Debug|Any CPU
		Release|Any CPU = Release|Any CPU
	EndGlobalSection
	GlobalSection(ProjectConfigurationPlatforms) = postSolution
		{62FEFF41-23BF-4232-97B9-772EEA8CDF29}.Debug|Any CPU.ActiveCfg = Debug|Any CPU
		{62FEFF41-23BF-4232-97B9-772EEA8CDF29}.Debug|Any CPU.Build.0 = Debug|Any CPU
		{62FEFF41-23BF-4232-97B9-772EEA8CDF29}.Release|Any CPU.ActiveCfg = Release|Any CPU
		{62FEFF41-23BF-4232-97B9-772EEA8CDF29}.Release|Any CPU.Build.0 = Release|Any CPU
		{88BD14B8-ED55-42A4-B896-E5B0272C5A90}.Debug|Any CPU.ActiveCfg = Debug|Any CPU
		{88BD14B8-ED55-42A4-B896-E5B0272C5A90}.Debug|Any CPU.Build.0 = Debug|Any CPU
		{88BD14B8-ED55-42A4-B896-E5B0272C5A90}.Release|Any CPU.ActiveCfg = Release|Any CPU
		{88BD14B8-ED55-42A4-B896-E5B0272C5A90}.Release|Any CPU.Build.0 = Release|Any CPU
	EndGlobalSection
	GlobalSection(SolutionProperties) = preSolution
		HideSolutionNode = FALSE
	EndGlobalSection
	GlobalSection(ExtensibilityGlobals) = postSolution
		SolutionGuid = {3751E744-366F-430A-8CE0-FB3351DDF442}
	EndGlobalSection
EndGlobal
